
Microsoft Visual Studio Solution File, Format Version 12.00
# Visual Studio Version 17
VisualStudioVersion = 17.2.32616.157
MinimumVisualStudioVersion = 10.0.40219.1
Project("{FAE04EC0-301F-11D3-BF4B-00C04F79EFBC}") = "ARIS_Net", "ARIS_Net\ARIS_Net.csproj", "{99A9C29C-AA26-4180-8EFB-5292EB702E7F}"
EndProject
Global
	GlobalSection(SolutionConfigurationPlatforms) = preSolution
		Debug|Any CPU = Debug|Any CPU
		Release|Any CPU = Release|Any CPU
	EndGlobalSection
	GlobalSection(ProjectConfigurationPlatforms) = postSolution
		{99A9C29C-AA26-4180-8EFB-5292EB702E7F}.Debug|Any CPU.ActiveCfg = Debug|Any CPU
		{99A9C29C-AA26-4180-8EFB-5292EB702E7F}.Debug|Any CPU.Build.0 = Debug|Any CPU
		{99A9C29C-AA26-4180-8EFB-5292EB702E7F}.Release|Any CPU.ActiveCfg = Release|Any CPU
		{99A9C29C-AA26-4180-8EFB-5292EB702E7F}.Release|Any CPU.Build.0 = Release|Any CPU
	EndGlobalSection
	GlobalSection(SolutionProperties) = preSolution
		HideSolutionNode = FALSE
	EndGlobalSection
	GlobalSection(ExtensibilityGlobals) = postSolution
		SolutionGuid = {FEB41C1E-60FF-414E-A97D-9C69C7FAAEEB}
	EndGlobalSection
EndGlobal
